
Microsoft Visual Studio Solution File, Format Version 12.00
# Visual Studio Version 17
VisualStudioVersion = 17.3.32929.385
MinimumVisualStudioVersion = 10.0.40219.1
Project("{FAE04EC0-301F-11D3-BF4B-00C04F79EFBC}") = "OCR", "OCR.csproj", "{A246E88E-2F61-4801-9D3B-5AE0C5C8E3F4}"
EndProject
Global
	GlobalSection(SolutionConfigurationPlatforms) = preSolution
		Debug|Any CPU = Debug|Any CPU
		Release|Any CPU = Release|Any CPU
	EndGlobalSection
	GlobalSection(ProjectConfigurationPlatforms) = postSolution
		{A246E88E-2F61-4801-9D3B-5AE0C5C8E3F4}.Debug|Any CPU.ActiveCfg = Debug|Any CPU
		{A246E88E-2F61-4801-9D3B-5AE0C5C8E3F4}.Debug|Any CPU.Build.0 = Debug|Any CPU
		{A246E88E-2F61-4801-9D3B-5AE0C5C8E3F4}.Release|Any CPU.ActiveCfg = Release|Any CPU
		{A246E88E-2F61-4801-9D3B-5AE0C5C8E3F4}.Release|Any CPU.Build.0 = Release|Any CPU
	EndGlobalSection
	GlobalSection(SolutionProperties) = preSolution
		HideSolutionNode = FALSE
	EndGlobalSection
	GlobalSection(ExtensibilityGlobals) = postSolution
		SolutionGuid = {156C9D71-87CF-4EFB-B882-E58161D2CED4}
	EndGlobalSection
EndGlobal
